schema: '2.0'
stages:
  ingest:
    cmd: python src/data_ingestion.py
    deps:
    - path: experiments/spam.csv
      hash: md5
      md5: 6c4b246b0dc11ae3e2da633b0e57b0dd
      size: 504895
    - path: src/data_ingestion.py
      hash: md5
      md5: 1827ccbb0daabd49d985a562cc59a670
      size: 2818
    outs:
    - path: data/raw/spam_raw.csv
      hash: md5
      md5: 40904d3d4a5a76113fe0c0f6eb81c821
      size: 484835
  preprocess:
    cmd: python src/data_preprocessing.py
    deps:
    - path: data/raw/spam_raw.csv
      hash: md5
      md5: 40904d3d4a5a76113fe0c0f6eb81c821
      size: 484835
    - path: src/data_preprocessing.py
      hash: md5
      md5: 13f9487cc38a26c8a9a2dcb8b15229cd
      size: 3246
    outs:
    - path: data/processed/spam_clean.csv
      hash: md5
      md5: 98c5179b6e36d4c9e71a5b2426b855ca
      size: 254230
  featurize:
    cmd: python src/feature_engineering.py
    deps:
    - path: data/processed/spam_clean.csv
      hash: md5
      md5: 98c5179b6e36d4c9e71a5b2426b855ca
      size: 254230
    - path: params.yaml
      hash: md5
      md5: 829abb1f4b1418f4631ed12fac0ad6b1
      size: 141
    - path: src/feature_engineering.py
      hash: md5
      md5: e600dc57be4f0d612f10418cc4eed8ac
      size: 3938
    outs:
    - path: artifacts/transformers/tfidf_vectorizer.pkl
      hash: md5
      md5: 367cc59b9cd2183e9e045fe818b2514d
      size: 93871
    - path: data/interim/test_processed.csv
      hash: md5
      md5: 550a4f021fe582500ae7e0483b123f12
      size: 51537
    - path: data/interim/train_processed.csv
      hash: md5
      md5: 23187f86a232381fc60d4854dc4740d0
      size: 202706
    - path: data/processed/test_tfidf.csv
      hash: md5
      md5: 224897cdbbb27a00164b18e291679cd4
      size: 12530492
    - path: data/processed/train_tfidf.csv
      hash: md5
      md5: 3ccce11000c4e8f24eeabc60c7a37535
      size: 50089578
  train:
    cmd: python src/model_training.py
    deps:
    - path: artifacts/transformers/tfidf_vectorizer.pkl
      hash: md5
      md5: 367cc59b9cd2183e9e045fe818b2514d
      size: 93871
    - path: data/interim/train_processed.csv
      hash: md5
      md5: 23187f86a232381fc60d4854dc4740d0
      size: 202706
    - path: src/model_training.py
      hash: md5
      md5: 767659f17073212a56c9ae4c9d3d834c
      size: 3904
    outs:
    - path: artifacts/models/model.pkl
      hash: md5
      md5: dcbaa46abf615b604e5bc9220ab3e61c
      size: 213523
  evaluate:
    cmd: python src/model_evaluation.py
    deps:
    - path: artifacts/models/model.pkl
      hash: md5
      md5: dcbaa46abf615b604e5bc9220ab3e61c
      size: 213523
    - path: artifacts/transformers/tfidf_vectorizer.pkl
      hash: md5
      md5: 367cc59b9cd2183e9e045fe818b2514d
      size: 93871
    - path: data/interim/test_processed.csv
      hash: md5
      md5: 550a4f021fe582500ae7e0483b123f12
      size: 51537
    - path: src/model_evaluation.py
      hash: md5
      md5: d76eab5de37b4c1917902dceeb9d4584
      size: 2967
